
Microsoft Visual Studio Solution File, Format Version 12.00
# Visual Studio Version 17
VisualStudioVersion = 17.5.33530.505
MinimumVisualStudioVersion = 10.0.40219.1
Project("{8BC9CEB8-8B4A-11D0-8D11-00A0C91BC942}") = "刹ニャのイタズラ", "刹ニャのイタズラ.vcxproj", "{C1DA7DB0-4C1A-40CC-8523-8518CAEC78F9}"
EndProject
Global
	GlobalSection(SolutionConfigurationPlatforms) = preSolution
		Debug|x64 = Debug|x64
		Release|x64 = Release|x64
	EndGlobalSection
	GlobalSection(ProjectConfigurationPlatforms) = postSolution
		{C1DA7DB0-4C1A-40CC-8523-8518CAEC78F9}.Debug|x64.ActiveCfg = Debug|x64
		{C1DA7DB0-4C1A-40CC-8523-8518CAEC78F9}.Debug|x64.Build.0 = Debug|x64
		{C1DA7DB0-4C1A-40CC-8523-8518CAEC78F9}.Release|x64.ActiveCfg = Release|x64
		{C1DA7DB0-4C1A-40CC-8523-8518CAEC78F9}.Release|x64.Build.0 = Release|x64
	EndGlobalSection
	GlobalSection(SolutionProperties) = preSolution
		HideSolutionNode = FALSE
	EndGlobalSection
	GlobalSection(ExtensibilityGlobals) = postSolution
		SolutionGuid = {1785D7A2-B528-47C1-8F51-B0699C89231F}
	EndGlobalSection
EndGlobal
